// !$*UTF8*$!
{
	archiveVersion = 1;
	classes = {
	};
	objectVersion = 56;
	objects = {

/* Begin PBXBuildFile section */
		20625D58292E1B2A0089E44C /* Spotify.swift in Sources */ = {isa = PBXBuildFile; fileRef = 20625D57292E1B2A0089E44C /* Spotify.swift */; };
		207E4DD9292C636B007D21C1 /* SwiftBridgeCore.swift in Sources */ = {isa = PBXBuildFile; fileRef = 207E4DD7292C636B007D21C1 /* SwiftBridgeCore.swift */; };
		209DEF71292C7FA600F67BFB /* libspotify_ffi.a in Frameworks */ = {isa = PBXBuildFile; fileRef = 209DEF70292C7F5700F67BFB /* libspotify_ffi.a */; };
		20A720DF291C6C2800EBED82 /* NowPlaying.swift in Sources */ = {isa = PBXBuildFile; fileRef = 20A720DE291C6C2800EBED82 /* NowPlaying.swift */; };
		20A720E2291C6C5D00EBED82 /* AlbumProgressIndicator.swift in Sources */ = {isa = PBXBuildFile; fileRef = 20A720E1291C6C5D00EBED82 /* AlbumProgressIndicator.swift */; };
		20A72121291C98E200EBED82 /* ArtistList.swift in Sources */ = {isa = PBXBuildFile; fileRef = 20A72120291C98E200EBED82 /* ArtistList.swift */; };
		20A72123291C9C1200EBED82 /* AlbumList.swift in Sources */ = {isa = PBXBuildFile; fileRef = 20A72122291C9C1200EBED82 /* AlbumList.swift */; };
		20A72125291CA3C500EBED82 /* ArtistListHeader.swift in Sources */ = {isa = PBXBuildFile; fileRef = 20A72124291CA3C500EBED82 /* ArtistListHeader.swift */; };
		20A7215B291CC82F00EBED82 /* ArtistListSection.swift in Sources */ = {isa = PBXBuildFile; fileRef = 20A7215A291CC82F00EBED82 /* ArtistListSection.swift */; };
		20A7215D291CCA4C00EBED82 /* AlbumView.swift in Sources */ = {isa = PBXBuildFile; fileRef = 20A7215C291CCA4C00EBED82 /* AlbumView.swift */; };
		20A7215F291CEC0500EBED82 /* AlbumButton.swift in Sources */ = {isa = PBXBuildFile; fileRef = 20A7215E291CEC0500EBED82 /* AlbumButton.swift */; };
		20C9AC28292C6D93004A175A /* CoreAudio.framework in Frameworks */ = {isa = PBXBuildFile; fileRef = 20C9AC27292C6D93004A175A /* CoreAudio.framework */; };
		20C9AC2A292C6DB0004A175A /* AudioUnit.framework in Frameworks */ = {isa = PBXBuildFile; fileRef = 20C9AC29292C6DB0004A175A /* AudioUnit.framework */; };
		20C9AC2C292C6DB4004A175A /* AudioToolbox.framework in Frameworks */ = {isa = PBXBuildFile; fileRef = 20C9AC2B292C6DB4004A175A /* AudioToolbox.framework */; };
		20C9AC33292C7DC9004A175A /* spotify-ffi.swift in Sources */ = {isa = PBXBuildFile; fileRef = 20C9AC31292C7DC9004A175A /* spotify-ffi.swift */; };
		20D5C33B292040A700CD1630 /* Controls.swift in Sources */ = {isa = PBXBuildFile; fileRef = 20D5C33A292040A700CD1630 /* Controls.swift */; };
		20E76F5A291C691C00BCB184 /* AlbumifyApp.swift in Sources */ = {isa = PBXBuildFile; fileRef = 20E76F59291C691C00BCB184 /* AlbumifyApp.swift */; };
		20E76F5C291C691C00BCB184 /* ContentView.swift in Sources */ = {isa = PBXBuildFile; fileRef = 20E76F5B291C691C00BCB184 /* ContentView.swift */; };
		20E76F5E291C691D00BCB184 /* Assets.xcassets in Resources */ = {isa = PBXBuildFile; fileRef = 20E76F5D291C691D00BCB184 /* Assets.xcassets */; };
		20E76F61291C691D00BCB184 /* Preview Assets.xcassets in Resources */ = {isa = PBXBuildFile; fileRef = 20E76F60291C691D00BCB184 /* Preview Assets.xcassets */; };
/* End PBXBuildFile section */

/* Begin PBXFileReference section */
		20625D57292E1B2A0089E44C /* Spotify.swift */ = {isa = PBXFileReference; lastKnownFileType = sourcecode.swift; path = Spotify.swift; sourceTree = "<group>"; };
		207E4DCA292C55A9007D21C1 /* build-rust.sh */ = {isa = PBXFileReference; lastKnownFileType = text.script.sh; path = "build-rust.sh"; sourceTree = "<group>"; };
		207E4DCC292C5688007D21C1 /* BridgingHeader.h */ = {isa = PBXFileReference; lastKnownFileType = sourcecode.c.h; path = BridgingHeader.h; sourceTree = "<group>"; };
		207E4DD6292C636B007D21C1 /* SwiftBridgeCore.h */ = {isa = PBXFileReference; fileEncoding = 4; lastKnownFileType = sourcecode.c.h; path = SwiftBridgeCore.h; sourceTree = "<group>"; };
		207E4DD7292C636B007D21C1 /* SwiftBridgeCore.swift */ = {isa = PBXFileReference; fileEncoding = 4; lastKnownFileType = sourcecode.swift; path = SwiftBridgeCore.swift; sourceTree = "<group>"; };
		209DEF70292C7F5700F67BFB /* libspotify_ffi.a */ = {isa = PBXFileReference; lastKnownFileType = archive.ar; name = libspotify_ffi.a; path = "../spotify-ffi/target/universal/debug/libspotify_ffi.a"; sourceTree = "<group>"; };
		20A720DE291C6C2800EBED82 /* NowPlaying.swift */ = {isa = PBXFileReference; lastKnownFileType = sourcecode.swift; path = NowPlaying.swift; sourceTree = "<group>"; };
		20A720E1291C6C5D00EBED82 /* AlbumProgressIndicator.swift */ = {isa = PBXFileReference; lastKnownFileType = sourcecode.swift; path = AlbumProgressIndicator.swift; sourceTree = "<group>"; };
		20A72120291C98E200EBED82 /* ArtistList.swift */ = {isa = PBXFileReference; lastKnownFileType = sourcecode.swift; path = ArtistList.swift; sourceTree = "<group>"; };
		20A72122291C9C1200EBED82 /* AlbumList.swift */ = {isa = PBXFileReference; lastKnownFileType = sourcecode.swift; path = AlbumList.swift; sourceTree = "<group>"; };
		20A72124291CA3C500EBED82 /* ArtistListHeader.swift */ = {isa = PBXFileReference; lastKnownFileType = sourcecode.swift; path = ArtistListHeader.swift; sourceTree = "<group>"; };
		20A7215A291CC82F00EBED82 /* ArtistListSection.swift */ = {isa = PBXFileReference; lastKnownFileType = sourcecode.swift; path = ArtistListSection.swift; sourceTree = "<group>"; };
		20A7215C291CCA4C00EBED82 /* AlbumView.swift */ = {isa = PBXFileReference; lastKnownFileType = sourcecode.swift; path = AlbumView.swift; sourceTree = "<group>"; };
		20A7215E291CEC0500EBED82 /* AlbumButton.swift */ = {isa = PBXFileReference; lastKnownFileType = sourcecode.swift; path = AlbumButton.swift; sourceTree = "<group>"; };
		20C9AC27292C6D93004A175A /* CoreAudio.framework */ = {isa = PBXFileReference; lastKnownFileType = wrapper.framework; name = CoreAudio.framework; path = System/Library/Frameworks/CoreAudio.framework; sourceTree = SDKROOT; };
		20C9AC29292C6DB0004A175A /* AudioUnit.framework */ = {isa = PBXFileReference; lastKnownFileType = wrapper.framework; name = AudioUnit.framework; path = System/Library/Frameworks/AudioUnit.framework; sourceTree = SDKROOT; };
		20C9AC2B292C6DB4004A175A /* AudioToolbox.framework */ = {isa = PBXFileReference; lastKnownFileType = wrapper.framework; name = AudioToolbox.framework; path = System/Library/Frameworks/AudioToolbox.framework; sourceTree = SDKROOT; };
		20C9AC30292C7DC9004A175A /* spotify-ffi.h */ = {isa = PBXFileReference; fileEncoding = 4; lastKnownFileType = sourcecode.c.h; path = "spotify-ffi.h"; sourceTree = "<group>"; };
		20C9AC31292C7DC9004A175A /* spotify-ffi.swift */ = {isa = PBXFileReference; fileEncoding = 4; lastKnownFileType = sourcecode.swift; path = "spotify-ffi.swift"; sourceTree = "<group>"; };
		20D5C33A292040A700CD1630 /* Controls.swift */ = {isa = PBXFileReference; lastKnownFileType = sourcecode.swift; path = Controls.swift; sourceTree = "<group>"; };
		20E76F56291C691C00BCB184 /* Albumify.app */ = {isa = PBXFileReference; explicitFileType = wrapper.application; includeInIndex = 0; path = Albumify.app; sourceTree = BUILT_PRODUCTS_DIR; };
		20E76F59291C691C00BCB184 /* AlbumifyApp.swift */ = {isa = PBXFileReference; lastKnownFileType = sourcecode.swift; path = AlbumifyApp.swift; sourceTree = "<group>"; };
		20E76F5B291C691C00BCB184 /* ContentView.swift */ = {isa = PBXFileReference; lastKnownFileType = sourcecode.swift; path = ContentView.swift; sourceTree = "<group>"; };
		20E76F5D291C691D00BCB184 /* Assets.xcassets */ = {isa = PBXFileReference; lastKnownFileType = folder.assetcatalog; path = Assets.xcassets; sourceTree = "<group>"; };
		20E76F60291C691D00BCB184 /* Preview Assets.xcassets */ = {isa = PBXFileReference; lastKnownFileType = folder.assetcatalog; path = "Preview Assets.xcassets"; sourceTree = "<group>"; };
		20E76F62291C691D00BCB184 /* Albumify.entitlements */ = {isa = PBXFileReference; lastKnownFileType = text.plist.entitlements; path = Albumify.entitlements; sourceTree = "<group>"; };
/* End PBXFileReference section */

/* Begin PBXFrameworksBuildPhase section */
		20E76F53291C691C00BCB184 /* Frameworks */ = {
			isa = PBXFrameworksBuildPhase;
			buildActionMask = 2147483647;
			files = (
				209DEF71292C7FA600F67BFB /* libspotify_ffi.a in Frameworks */,
				20C9AC28292C6D93004A175A /* CoreAudio.framework in Frameworks */,
				20C9AC2A292C6DB0004A175A /* AudioUnit.framework in Frameworks */,
				20C9AC2C292C6DB4004A175A /* AudioToolbox.framework in Frameworks */,
			);
			runOnlyForDeploymentPostprocessing = 0;
		};
/* End PBXFrameworksBuildPhase section */

/* Begin PBXGroup section */
		207E4DCD292C621A007D21C1 /* Frameworks */ = {
			isa = PBXGroup;
			children = (
				209DEF70292C7F5700F67BFB /* libspotify_ffi.a */,
				20C9AC2B292C6DB4004A175A /* AudioToolbox.framework */,
				20C9AC29292C6DB0004A175A /* AudioUnit.framework */,
				20C9AC27292C6D93004A175A /* CoreAudio.framework */,
			);
			name = Frameworks;
			sourceTree = "<group>";
		};
		207E4DD2292C636B007D21C1 /* Generated */ = {
			isa = PBXGroup;
			children = (
				20C9AC2F292C7DC9004A175A /* spotify-ffi */,
				207E4DD6292C636B007D21C1 /* SwiftBridgeCore.h */,
				207E4DD7292C636B007D21C1 /* SwiftBridgeCore.swift */,
			);
			path = Generated;
			sourceTree = "<group>";
		};
		20A720DD291C694A00EBED82 /* Views */ = {
			isa = PBXGroup;
			children = (
				20A7211D291C98AC00EBED82 /* Artist List */,
				20A720E0291C6C5000EBED82 /* Now Playing */,
				20E76F5B291C691C00BCB184 /* ContentView.swift */,
			);
			path = Views;
			sourceTree = "<group>";
		};
		20A720E0291C6C5000EBED82 /* Now Playing */ = {
			isa = PBXGroup;
			children = (
				20A720DE291C6C2800EBED82 /* NowPlaying.swift */,
				20A720E1291C6C5D00EBED82 /* AlbumProgressIndicator.swift */,
				20A7215E291CEC0500EBED82 /* AlbumButton.swift */,
				20D5C33A292040A700CD1630 /* Controls.swift */,
			);
			path = "Now Playing";
			sourceTree = "<group>";
		};
		20A7211D291C98AC00EBED82 /* Artist List */ = {
			isa = PBXGroup;
			children = (
				20A72120291C98E200EBED82 /* ArtistList.swift */,
				20A7215C291CCA4C00EBED82 /* AlbumView.swift */,
				20A7215A291CC82F00EBED82 /* ArtistListSection.swift */,
				20A72124291CA3C500EBED82 /* ArtistListHeader.swift */,
				20A72122291C9C1200EBED82 /* AlbumList.swift */,
			);
			path = "Artist List";
			sourceTree = "<group>";
		};
		20C9AC2F292C7DC9004A175A /* spotify-ffi */ = {
			isa = PBXGroup;
			children = (
				20C9AC30292C7DC9004A175A /* spotify-ffi.h */,
				20C9AC31292C7DC9004A175A /* spotify-ffi.swift */,
			);
			path = "spotify-ffi";
			sourceTree = "<group>";
		};
		20E76F4D291C691C00BCB184 = {
			isa = PBXGroup;
			children = (
				207E4DD2292C636B007D21C1 /* Generated */,
				207E4DCC292C5688007D21C1 /* BridgingHeader.h */,
				207E4DCA292C55A9007D21C1 /* build-rust.sh */,
				20E76F58291C691C00BCB184 /* Albumify */,
				20E76F57291C691C00BCB184 /* Products */,
				207E4DCD292C621A007D21C1 /* Frameworks */,
			);
			sourceTree = "<group>";
		};
		20E76F57291C691C00BCB184 /* Products */ = {
			isa = PBXGroup;
			children = (
				20E76F56291C691C00BCB184 /* Albumify.app */,
			);
			name = Products;
			sourceTree = "<group>";
		};
		20E76F58291C691C00BCB184 /* Albumify */ = {
			isa = PBXGroup;
			children = (
				20E76F59291C691C00BCB184 /* AlbumifyApp.swift */,
				20A720DD291C694A00EBED82 /* Views */,
				20E76F5D291C691D00BCB184 /* Assets.xcassets */,
				20E76F62291C691D00BCB184 /* Albumify.entitlements */,
				20E76F5F291C691D00BCB184 /* Preview Content */,
				20625D57292E1B2A0089E44C /* Spotify.swift */,
			);
			path = Albumify;
			sourceTree = "<group>";
		};
		20E76F5F291C691D00BCB184 /* Preview Content */ = {
			isa = PBXGroup;
			children = (
				20E76F60291C691D00BCB184 /* Preview Assets.xcassets */,
			);
			path = "Preview Content";
			sourceTree = "<group>";
		};
/* End PBXGroup section */

/* Begin PBXNativeTarget section */
		20E76F55291C691C00BCB184 /* Albumify */ = {
			isa = PBXNativeTarget;
			buildConfigurationList = 20E76F65291C691D00BCB184 /* Build configuration list for PBXNativeTarget "Albumify" */;
			buildPhases = (
				207E4DCB292C562E007D21C1 /* ShellScript */,
				20E76F52291C691C00BCB184 /* Sources */,
				20E76F53291C691C00BCB184 /* Frameworks */,
				20E76F54291C691C00BCB184 /* Resources */,
			);
			buildRules = (
			);
			dependencies = (
			);
			name = Albumify;
			productName = Albumify;
			productReference = 20E76F56291C691C00BCB184 /* Albumify.app */;
			productType = "com.apple.product-type.application";
		};
/* End PBXNativeTarget section */

/* Begin PBXProject section */
		20E76F4E291C691C00BCB184 /* Project object */ = {
			isa = PBXProject;
			attributes = {
				BuildIndependentTargetsInParallel = 1;
				LastSwiftUpdateCheck = 1400;
				LastUpgradeCheck = 1400;
				TargetAttributes = {
					20E76F55291C691C00BCB184 = {
						CreatedOnToolsVersion = 14.0.1;
					};
				};
			};
			buildConfigurationList = 20E76F51291C691C00BCB184 /* Build configuration list for PBXProject "Albumify" */;
			compatibilityVersion = "Xcode 14.0";
			developmentRegion = en;
			hasScannedForEncodings = 0;
			knownRegions = (
				en,
				Base,
			);
			mainGroup = 20E76F4D291C691C00BCB184;
			productRefGroup = 20E76F57291C691C00BCB184 /* Products */;
			projectDirPath = "";
			projectRoot = "";
			targets = (
				20E76F55291C691C00BCB184 /* Albumify */,
			);
		};
/* End PBXProject section */

/* Begin PBXResourcesBuildPhase section */
		20E76F54291C691C00BCB184 /* Resources */ = {
			isa = PBXResourcesBuildPhase;
			buildActionMask = 2147483647;
			files = (
				20E76F61291C691D00BCB184 /* Preview Assets.xcassets in Resources */,
				20E76F5E291C691D00BCB184 /* Assets.xcassets in Resources */,
			);
			runOnlyForDeploymentPostprocessing = 0;
		};
/* End PBXResourcesBuildPhase section */

/* Begin PBXShellScriptBuildPhase section */
		207E4DCB292C562E007D21C1 /* ShellScript */ = {
			isa = PBXShellScriptBuildPhase;
			buildActionMask = 2147483647;
			files = (
			);
			inputFileListPaths = (
			);
			inputPaths = (
			);
			outputFileListPaths = (
			);
			outputPaths = (
			);
			runOnlyForDeploymentPostprocessing = 0;
			shellPath = /bin/sh;
			shellScript = "# Type a script or drag a script file from your workspace to insert its path.\n./build-rust.sh\n";
		};
/* End PBXShellScriptBuildPhase section */

/* Begin PBXSourcesBuildPhase section */
		20E76F52291C691C00BCB184 /* Sources */ = {
			isa = PBXSourcesBuildPhase;
			buildActionMask = 2147483647;
			files = (
				20C9AC33292C7DC9004A175A /* spotify-ffi.swift in Sources */,
				20A72121291C98E200EBED82 /* ArtistList.swift in Sources */,
				20625D58292E1B2A0089E44C /* Spotify.swift in Sources */,
				20E76F5C291C691C00BCB184 /* ContentView.swift in Sources */,
				20A7215B291CC82F00EBED82 /* ArtistListSection.swift in Sources */,
				20A7215F291CEC0500EBED82 /* AlbumButton.swift in Sources */,
				20A7215D291CCA4C00EBED82 /* AlbumView.swift in Sources */,
				20E76F5A291C691C00BCB184 /* AlbumifyApp.swift in Sources */,
				20D5C33B292040A700CD1630 /* Controls.swift in Sources */,
				20A72123291C9C1200EBED82 /* AlbumList.swift in Sources */,
				20A72125291CA3C500EBED82 /* ArtistListHeader.swift in Sources */,
				207E4DD9292C636B007D21C1 /* SwiftBridgeCore.swift in Sources */,
				20A720E2291C6C5D00EBED82 /* AlbumProgressIndicator.swift in Sources */,
				20A720DF291C6C2800EBED82 /* NowPlaying.swift in Sources */,
			);
			runOnlyForDeploymentPostprocessing = 0;
		};
/* End PBXSourcesBuildPhase section */

/* Begin XCBuildConfiguration section */
		20E76F63291C691D00BCB184 /* Debug */ = {
			isa = XCBuildConfiguration;
			buildSettings = {
				ALWAYS_SEARCH_USER_PATHS = NO;
				CLANG_ANALYZER_NONNULL = YES;
				CLANG_ANALYZER_NUMBER_OBJECT_CONVERSION = YES_AGGRESSIVE;
				CLANG_CXX_LANGUAGE_STANDARD = "gnu++20";
				CLANG_ENABLE_MODULES = YES;
				CLANG_ENABLE_OBJC_ARC = YES;
				CLANG_ENABLE_OBJC_WEAK = YES;
				CLANG_WARN_BLOCK_CAPTURE_AUTORELEASING = YES;
				CLANG_WARN_BOOL_CONVERSION = YES;
				CLANG_WARN_COMMA = YES;
				CLANG_WARN_CONSTANT_CONVERSION = YES;
				CLANG_WARN_DEPRECATED_OBJC_IMPLEMENTATIONS = YES;
				CLANG_WARN_DIRECT_OBJC_ISA_USAGE = YES_ERROR;
				CLANG_WARN_DOCUMENTATION_COMMENTS = YES;
				CLANG_WARN_EMPTY_BODY = YES;
				CLANG_WARN_ENUM_CONVERSION = YES;
				CLANG_WARN_INFINITE_RECURSION = YES;
				CLANG_WARN_INT_CONVERSION = YES;
				CLANG_WARN_NON_LITERAL_NULL_CONVERSION = YES;
				CLANG_WARN_OBJC_IMPLICIT_RETAIN_SELF = YES;
				CLANG_WARN_OBJC_LITERAL_CONVERSION = YES;
				CLANG_WARN_OBJC_ROOT_CLASS = YES_ERROR;
				CLANG_WARN_QUOTED_INCLUDE_IN_FRAMEWORK_HEADER = YES;
				CLANG_WARN_RANGE_LOOP_ANALYSIS = YES;
				CLANG_WARN_STRICT_PROTOTYPES = YES;
				CLANG_WARN_SUSPICIOUS_MOVE = YES;
				CLANG_WARN_UNGUARDED_AVAILABILITY = YES_AGGRESSIVE;
				CLANG_WARN_UNREACHABLE_CODE = YES;
				CLANG_WARN__DUPLICATE_METHOD_MATCH = YES;
				COPY_PHASE_STRIP = NO;
				DEBUG_INFORMATION_FORMAT = dwarf;
				ENABLE_STRICT_OBJC_MSGSEND = YES;
				ENABLE_TESTABILITY = YES;
				GCC_C_LANGUAGE_STANDARD = gnu11;
				GCC_DYNAMIC_NO_PIC = NO;
				GCC_NO_COMMON_BLOCKS = YES;
				GCC_OPTIMIZATION_LEVEL = 0;
				GCC_PREPROCESSOR_DEFINITIONS = (
					"DEBUG=1",
					"$(inherited)",
				);
				GCC_WARN_64_TO_32_BIT_CONVERSION = YES;
				GCC_WARN_ABOUT_RETURN_TYPE = YES_ERROR;
				GCC_WARN_UNDECLARED_SELECTOR = YES;
				GCC_WARN_UNINITIALIZED_AUTOS = YES_AGGRESSIVE;
				GCC_WARN_UNUSED_FUNCTION = YES;
				GCC_WARN_UNUSED_VARIABLE = YES;
				MACOSX_DEPLOYMENT_TARGET = 12.3;
				MTL_ENABLE_DEBUG_INFO = INCLUDE_SOURCE;
				MTL_FAST_MATH = YES;
				ONLY_ACTIVE_ARCH = YES;
				SDKROOT = macosx;
				SWIFT_ACTIVE_COMPILATION_CONDITIONS = DEBUG;
				SWIFT_OPTIMIZATION_LEVEL = "-Onone";
			};
			name = Debug;
		};
		20E76F64291C691D00BCB184 /* Release */ = {
			isa = XCBuildConfiguration;
			buildSettings = {
				ALWAYS_SEARCH_USER_PATHS = NO;
				CLANG_ANALYZER_NONNULL = YES;
				CLANG_ANALYZER_NUMBER_OBJECT_CONVERSION = YES_AGGRESSIVE;
				CLANG_CXX_LANGUAGE_STANDARD = "gnu++20";
				CLANG_ENABLE_MODULES = YES;
				CLANG_ENABLE_OBJC_ARC = YES;
				CLANG_ENABLE_OBJC_WEAK = YES;
				CLANG_WARN_BLOCK_CAPTURE_AUTORELEASING = YES;
				CLANG_WARN_BOOL_CONVERSION = YES;
				CLANG_WARN_COMMA = YES;
				CLANG_WARN_CONSTANT_CONVERSION = YES;
				CLANG_WARN_DEPRECATED_OBJC_IMPLEMENTATIONS = YES;
				CLANG_WARN_DIRECT_OBJC_ISA_USAGE = YES_ERROR;
				CLANG_WARN_DOCUMENTATION_COMMENTS = YES;
				CLANG_WARN_EMPTY_BODY = YES;
				CLANG_WARN_ENUM_CONVERSION = YES;
				CLANG_WARN_INFINITE_RECURSION = YES;
				CLANG_WARN_INT_CONVERSION = YES;
				CLANG_WARN_NON_LITERAL_NULL_CONVERSION = YES;
				CLANG_WARN_OBJC_IMPLICIT_RETAIN_SELF = YES;
				CLANG_WARN_OBJC_LITERAL_CONVERSION = YES;
				CLANG_WARN_OBJC_ROOT_CLASS = YES_ERROR;
				CLANG_WARN_QUOTED_INCLUDE_IN_FRAMEWORK_HEADER = YES;
				CLANG_WARN_RANGE_LOOP_ANALYSIS = YES;
				CLANG_WARN_STRICT_PROTOTYPES = YES;
				CLANG_WARN_SUSPICIOUS_MOVE = YES;
				CLANG_WARN_UNGUARDED_AVAILABILITY = YES_AGGRESSIVE;
				CLANG_WARN_UNREACHABLE_CODE = YES;
				CLANG_WARN__DUPLICATE_METHOD_MATCH = YES;
				COPY_PHASE_STRIP = NO;
				DEBUG_INFORMATION_FORMAT = "dwarf-with-dsym";
				ENABLE_NS_ASSERTIONS = NO;
				ENABLE_STRICT_OBJC_MSGSEND = YES;
				GCC_C_LANGUAGE_STANDARD = gnu11;
				GCC_NO_COMMON_BLOCKS = YES;
				GCC_WARN_64_TO_32_BIT_CONVERSION = YES;
				GCC_WARN_ABOUT_RETURN_TYPE = YES_ERROR;
				GCC_WARN_UNDECLARED_SELECTOR = YES;
				GCC_WARN_UNINITIALIZED_AUTOS = YES_AGGRESSIVE;
				GCC_WARN_UNUSED_FUNCTION = YES;
				GCC_WARN_UNUSED_VARIABLE = YES;
				MACOSX_DEPLOYMENT_TARGET = 12.3;
				MTL_ENABLE_DEBUG_INFO = NO;
				MTL_FAST_MATH = YES;
				SDKROOT = macosx;
				SWIFT_COMPILATION_MODE = wholemodule;
				SWIFT_OPTIMIZATION_LEVEL = "-O";
			};
			name = Release;
		};
		20E76F66291C691D00BCB184 /* Debug */ = {
			isa = XCBuildConfiguration;
			buildSettings = {
				ARCHS = "$(ARCHS_STANDARD)";
				ASSETCATALOG_COMPILER_APPICON_NAME = AppIcon;
				ASSETCATALOG_COMPILER_GLOBAL_ACCENT_COLOR_NAME = AccentColor;
				CODE_SIGN_ENTITLEMENTS = Albumify/Albumify.entitlements;
				CODE_SIGN_STYLE = Automatic;
				COMBINE_HIDPI_IMAGES = YES;
				CURRENT_PROJECT_VERSION = 1;
				DEVELOPMENT_ASSET_PATHS = "\"Albumify/Preview Content\"";
				ENABLE_PREVIEWS = YES;
				GENERATE_INFOPLIST_FILE = YES;
				INFOPLIST_KEY_LSApplicationCategoryType = "public.app-category.music";
				INFOPLIST_KEY_NSHumanReadableCopyright = "";
				LD_RUNPATH_SEARCH_PATHS = (
					"$(inherited)",
					"@executable_path/../Frameworks",
				);
				LIBRARY_SEARCH_PATHS = "$(PROJECT_DIR)/../spotify-ffi/target/universal/debug";
				MARKETING_VERSION = 1.0;
				PRODUCT_BUNDLE_IDENTIFIER = me.olivercooper.Albumify;
				PRODUCT_NAME = "$(TARGET_NAME)";
				SWIFT_EMIT_LOC_STRINGS = YES;
				SWIFT_OBJC_BRIDGING_HEADER = "$(PROJECT_DIR)/BridgingHeader.h";
				SWIFT_VERSION = 5.0;
			};
			name = Debug;
		};
		20E76F67291C691D00BCB184 /* Release */ = {
			isa = XCBuildConfiguration;
			buildSettings = {
				ARCHS = "$(ARCHS_STANDARD)";
				ASSETCATALOG_COMPILER_APPICON_NAME = AppIcon;
				ASSETCATALOG_COMPILER_GLOBAL_ACCENT_COLOR_NAME = AccentColor;
				CODE_SIGN_ENTITLEMENTS = Albumify/Albumify.entitlements;
				CODE_SIGN_STYLE = Automatic;
				COMBINE_HIDPI_IMAGES = YES;
				CURRENT_PROJECT_VERSION = 1;
				DEVELOPMENT_ASSET_PATHS = "\"Albumify/Preview Content\"";
				ENABLE_PREVIEWS = YES;
				GENERATE_INFOPLIST_FILE = YES;
				INFOPLIST_KEY_LSApplicationCategoryType = "public.app-category.music";
				INFOPLIST_KEY_NSHumanReadableCopyright = "";
				LD_RUNPATH_SEARCH_PATHS = (
					"$(inherited)",
					"@executable_path/../Frameworks",
				);
				LIBRARY_SEARCH_PATHS = "$(PROJECT_DIR)/../spotify-ffi/target/universal/release";
				MARKETING_VERSION = 1.0;
				PRODUCT_BUNDLE_IDENTIFIER = me.olivercooper.Albumify;
				PRODUCT_NAME = "$(TARGET_NAME)";
				SWIFT_EMIT_LOC_STRINGS = YES;
				SWIFT_OBJC_BRIDGING_HEADER = "$(PROJECT_DIR)/BridgingHeader.h";
				SWIFT_VERSION = 5.0;
			};
			name = Release;
		};
/* End XCBuildConfiguration section */

/* Begin XCConfigurationList section */
		20E76F51291C691C00BCB184 /* Build configuration list for PBXProject "Albumify" */ = {
			isa = XCConfigurationList;
			buildConfigurations = (
				20E76F63291C691D00BCB184 /* Debug */,
				20E76F64291C691D00BCB184 /* Release */,
			);
			defaultConfigurationIsVisible = 0;
			defaultConfigurationName = Release;
		};
		20E76F65291C691D00BCB184 /* Build configuration list for PBXNativeTarget "Albumify" */ = {
			isa = XCConfigurationList;
			buildConfigurations = (
				20E76F66291C691D00BCB184 /* Debug */,
				20E76F67291C691D00BCB184 /* Release */,
			);
			defaultConfigurationIsVisible = 0;
			defaultConfigurationName = Release;
		};
/* End XCConfigurationList section */
	};
	rootObject = 20E76F4E291C691C00BCB184 /* Project object */;
}
